
Microsoft Visual Studio Solution File, Format Version 12.00
# Visual Studio Version 18
VisualStudioVersion = 18.3.11312.210
MinimumVisualStudioVersion = 10.0.40219.1
Project("{2150E333-8FDC-42A3-9474-1A3956D46DE8}") = "Services", "Services", "{1488A7B5-D75E-4636-A6BD-7FB3ADFF8B93}"
EndProject
Project("{2150E333-8FDC-42A3-9474-1A3956D46DE8}") = "Catalog", "Catalog", "{3F162C46-7EE1-4CCD-BDCD-95D3E44B2C52}"
EndProject
Project("{9A19103F-16F7-4668-BE54-9A1E7A4F7556}") = "Catalog.Api", "Services\Catalog\Catalog.Api\Catalog.Api.csproj", "{2FD922EB-474F-42A1-A625-F947C0CB67BF}"
EndProject
Project("{2150E333-8FDC-42A3-9474-1A3956D46DE8}") = "BuildingBlocks", "BuildingBlocks", "{D6196180-74AC-43A0-AB3D-257E149BD6C7}"
EndProject
Project("{9A19103F-16F7-4668-BE54-9A1E7A4F7556}") = "BuildingBlocks", "BuildingBlocks\BuildingBlocks\BuildingBlocks.csproj", "{D9E69602-0ABB-4A38-88F2-20EFBC8EC216}"
EndProject
Project("{E53339B2-1760-4266-BCC7-CA923CBCF16C}") = "docker-compose", "docker-compose.dcproj", "{78A5938C-81F8-4471-80A5-DAE1B12C7A90}"
EndProject
Project("{2150E333-8FDC-42A3-9474-1A3956D46DE8}") = "Basket", "Basket", "{3F3608F0-7B09-4080-AD75-19712EF78F72}"
EndProject
Project("{FAE04EC0-301F-11D3-BF4B-00C04F79EFBC}") = "Basket.Api", "Services\Basket\Basket.Api\Basket.Api.csproj", "{4D87A4C4-7959-4196-9CA4-F0048EBF196A}"
EndProject
Project("{2150E333-8FDC-42A3-9474-1A3956D46DE8}") = "Discount", "Discount", "{2CEA477A-6A53-4C31-AC0A-8501C964B827}"
EndProject
Project("{FAE04EC0-301F-11D3-BF4B-00C04F79EFBC}") = "Discount.Grpc", "Services\Discount\Discount.Grpc\Discount.Grpc.csproj", "{57C0D4C9-0BD0-4BF6-A3E9-ED70A216B032}"
EndProject
Project("{2150E333-8FDC-42A3-9474-1A3956D46DE8}") = "Ordering", "Ordering", "{18354B20-3BE3-4B86-8E6E-6568A43AE016}"
EndProject
Project("{FAE04EC0-301F-11D3-BF4B-00C04F79EFBC}") = "Ordering.Api", "Services\Ordering\Ordering.Api\Ordering.Api.csproj", "{017FABAC-7DF9-4D1C-8E12-58710056166A}"
EndProject
Project("{FAE04EC0-301F-11D3-BF4B-00C04F79EFBC}") = "Ordering.Domain", "Services\Ordering\Ordering.Domain\Ordering.Domain.csproj", "{925B9529-4820-4FC3-9978-441FB28D9ADE}"
EndProject
Project("{FAE04EC0-301F-11D3-BF4B-00C04F79EFBC}") = "Ordering.Application", "Services\Ordering\Ordering.Application\Ordering.Application.csproj", "{C638F840-87E6-4701-A54C-41198F6550C9}"
EndProject
Project("{FAE04EC0-301F-11D3-BF4B-00C04F79EFBC}") = "Ordering.Infrastructure", "Services\Ordering\Ordering.Infrastructure\Ordering.Infrastructure.csproj", "{2AFC9423-0BF5-4C99-87B0-64C1961330CB}"
EndProject
Project("{FAE04EC0-301F-11D3-BF4B-00C04F79EFBC}") = "BuildingBlocks.Messaging", "BuildingBlocks\BuildingBlocks.Messaging\BuildingBlocks.Messaging.csproj", "{940207C7-77F9-4E37-89D0-6E3F1E7AB540}"
EndProject
Global
	GlobalSection(SolutionConfigurationPlatforms) = preSolution
		Debug|Any CPU = Debug|Any CPU
		Release|Any CPU = Release|Any CPU
	EndGlobalSection
	GlobalSection(ProjectConfigurationPlatforms) = postSolution
		{2FD922EB-474F-42A1-A625-F947C0CB67BF}.Debug|Any CPU.ActiveCfg = Debug|Any CPU
		{2FD922EB-474F-42A1-A625-F947C0CB67BF}.Debug|Any CPU.Build.0 = Debug|Any CPU
		{2FD922EB-474F-42A1-A625-F947C0CB67BF}.Release|Any CPU.ActiveCfg = Release|Any CPU
		{2FD922EB-474F-42A1-A625-F947C0CB67BF}.Release|Any CPU.Build.0 = Release|Any CPU
		{D9E69602-0ABB-4A38-88F2-20EFBC8EC216}.Debug|Any CPU.ActiveCfg = Debug|Any CPU
		{D9E69602-0ABB-4A38-88F2-20EFBC8EC216}.Debug|Any CPU.Build.0 = Debug|Any CPU
		{D9E69602-0ABB-4A38-88F2-20EFBC8EC216}.Release|Any CPU.ActiveCfg = Release|Any CPU
		{D9E69602-0ABB-4A38-88F2-20EFBC8EC216}.Release|Any CPU.Build.0 = Release|Any CPU
		{78A5938C-81F8-4471-80A5-DAE1B12C7A90}.Debug|Any CPU.ActiveCfg = Debug|Any CPU
		{78A5938C-81F8-4471-80A5-DAE1B12C7A90}.Debug|Any CPU.Build.0 = Debug|Any CPU
		{78A5938C-81F8-4471-80A5-DAE1B12C7A90}.Release|Any CPU.ActiveCfg = Release|Any CPU
		{78A5938C-81F8-4471-80A5-DAE1B12C7A90}.Release|Any CPU.Build.0 = Release|Any CPU
		{4D87A4C4-7959-4196-9CA4-F0048EBF196A}.Debug|Any CPU.ActiveCfg = Debug|Any CPU
		{4D87A4C4-7959-4196-9CA4-F0048EBF196A}.Debug|Any CPU.Build.0 = Debug|Any CPU
		{4D87A4C4-7959-4196-9CA4-F0048EBF196A}.Release|Any CPU.ActiveCfg = Release|Any CPU
		{4D87A4C4-7959-4196-9CA4-F0048EBF196A}.Release|Any CPU.Build.0 = Release|Any CPU
		{57C0D4C9-0BD0-4BF6-A3E9-ED70A216B032}.Debug|Any CPU.ActiveCfg = Debug|Any CPU
		{57C0D4C9-0BD0-4BF6-A3E9-ED70A216B032}.Debug|Any CPU.Build.0 = Debug|Any CPU
		{57C0D4C9-0BD0-4BF6-A3E9-ED70A216B032}.Release|Any CPU.ActiveCfg = Release|Any CPU
		{57C0D4C9-0BD0-4BF6-A3E9-ED70A216B032}.Release|Any CPU.Build.0 = Release|Any CPU
		{017FABAC-7DF9-4D1C-8E12-58710056166A}.Debug|Any CPU.ActiveCfg = Debug|Any CPU
		{017FABAC-7DF9-4D1C-8E12-58710056166A}.Debug|Any CPU.Build.0 = Debug|Any CPU
		{017FABAC-7DF9-4D1C-8E12-58710056166A}.Release|Any CPU.ActiveCfg = Release|Any CPU
		{017FABAC-7DF9-4D1C-8E12-58710056166A}.Release|Any CPU.Build.0 = Release|Any CPU
		{925B9529-4820-4FC3-9978-441FB28D9ADE}.Debug|Any CPU.ActiveCfg = Debug|Any CPU
		{925B9529-4820-4FC3-9978-441FB28D9ADE}.Debug|Any CPU.Build.0 = Debug|Any CPU
		{925B9529-4820-4FC3-9978-441FB28D9ADE}.Release|Any CPU.ActiveCfg = Release|Any CPU
		{925B9529-4820-4FC3-9978-441FB28D9ADE}.Release|Any CPU.Build.0 = Release|Any CPU
		{C638F840-87E6-4701-A54C-41198F6550C9}.Debug|Any CPU.ActiveCfg = Debug|Any CPU
		{C638F840-87E6-4701-A54C-41198F6550C9}.Debug|Any CPU.Build.0 = Debug|Any CPU
		{C638F840-87E6-4701-A54C-41198F6550C9}.Release|Any CPU.ActiveCfg = Release|Any CPU
		{C638F840-87E6-4701-A54C-41198F6550C9}.Release|Any CPU.Build.0 = Release|Any CPU
		{2AFC9423-0BF5-4C99-87B0-64C1961330CB}.Debug|Any CPU.ActiveCfg = Debug|Any CPU
		{2AFC9423-0BF5-4C99-87B0-64C1961330CB}.Debug|Any CPU.Build.0 = Debug|Any CPU
		{2AFC9423-0BF5-4C99-87B0-64C1961330CB}.Release|Any CPU.ActiveCfg = Release|Any CPU
		{2AFC9423-0BF5-4C99-87B0-64C1961330CB}.Release|Any CPU.Build.0 = Release|Any CPU
		{940207C7-77F9-4E37-89D0-6E3F1E7AB540}.Debug|Any CPU.ActiveCfg = Debug|Any CPU
		{940207C7-77F9-4E37-89D0-6E3F1E7AB540}.Debug|Any CPU.Build.0 = Debug|Any CPU
		{940207C7-77F9-4E37-89D0-6E3F1E7AB540}.Release|Any CPU.ActiveCfg = Release|Any CPU
		{940207C7-77F9-4E37-89D0-6E3F1E7AB540}.Release|Any CPU.Build.0 = Release|Any CPU
	EndGlobalSection
	GlobalSection(SolutionProperties) = preSolution
		HideSolutionNode = FALSE
	EndGlobalSection
	GlobalSection(NestedProjects) = preSolution
		{3F162C46-7EE1-4CCD-BDCD-95D3E44B2C52} = {1488A7B5-D75E-4636-A6BD-7FB3ADFF8B93}
		{2FD922EB-474F-42A1-A625-F947C0CB67BF} = {3F162C46-7EE1-4CCD-BDCD-95D3E44B2C52}
		{D9E69602-0ABB-4A38-88F2-20EFBC8EC216} = {D6196180-74AC-43A0-AB3D-257E149BD6C7}
		{3F3608F0-7B09-4080-AD75-19712EF78F72} = {1488A7B5-D75E-4636-A6BD-7FB3ADFF8B93}
		{4D87A4C4-7959-4196-9CA4-F0048EBF196A} = {3F3608F0-7B09-4080-AD75-19712EF78F72}
		{2CEA477A-6A53-4C31-AC0A-8501C964B827} = {1488A7B5-D75E-4636-A6BD-7FB3ADFF8B93}
		{57C0D4C9-0BD0-4BF6-A3E9-ED70A216B032} = {2CEA477A-6A53-4C31-AC0A-8501C964B827}
		{18354B20-3BE3-4B86-8E6E-6568A43AE016} = {1488A7B5-D75E-4636-A6BD-7FB3ADFF8B93}
		{017FABAC-7DF9-4D1C-8E12-58710056166A} = {18354B20-3BE3-4B86-8E6E-6568A43AE016}
		{925B9529-4820-4FC3-9978-441FB28D9ADE} = {18354B20-3BE3-4B86-8E6E-6568A43AE016}
		{C638F840-87E6-4701-A54C-41198F6550C9} = {18354B20-3BE3-4B86-8E6E-6568A43AE016}
		{2AFC9423-0BF5-4C99-87B0-64C1961330CB} = {18354B20-3BE3-4B86-8E6E-6568A43AE016}
		{940207C7-77F9-4E37-89D0-6E3F1E7AB540} = {D6196180-74AC-43A0-AB3D-257E149BD6C7}
	EndGlobalSection
	GlobalSection(ExtensibilityGlobals) = postSolution
		SolutionGuid = {39A3C4C6-8B5C-43EB-86A1-CCB17D96815E}
	EndGlobalSection
EndGlobal
